{
  "originHash" : "239898e7c0b3bb046d0b29549846b1aaa6d983418c533c69538a5f16b8f06383",
  "pins" : [
    {
      "identity" : "swift-async-algorithms",
      "kind" : "remoteSourceControl",
      "location" : "https://github.com/apple/swift-async-algorithms.git",
      "state" : {
        "revision" : "d0b4a06d0f173a2f3be27d3ea21b3c3aa18db440",
        "version" : "1.1.4"
      }
    },
    {
      "identity" : "swift-collection-tools",
      "kind" : "remoteSourceControl",
      "location" : "https://github.com/RougeWare/Swift-Collection-Tools.git",
      "state" : {
        "revision" : "84330a040a57296eb6a4d0c801294689dab80166",
        "version" : "3.2.1"
      }
    },
    {
      "identity" : "swift-collections",
      "kind" : "remoteSourceControl",
      "location" : "https://github.com/apple/swift-collections.git",
      "state" : {
        "revision" : "fea17c02d767f46b23070fdfdacc28a03a39232a",
        "version" : "1.5.1"
      }
    },
    {
      "identity" : "swift-function-tools",
      "kind" : "remoteSourceControl",
      "location" : "https://github.com/RougeWare/Swift-Function-Tools.git",
      "state" : {
        "revision" : "0cc2083f05dc12fa70451985c0c3390e63b468ed",
        "version" : "2.0.0"
      }
    },
    {
      "identity" : "swift-lazy-containers",
      "kind" : "remoteSourceControl",
      "location" : "https://github.com/RougeWare/Swift-Lazy-Containers.git",
      "state" : {
        "revision" : "360a35c98992fc53739e884fb0c48e988710fa92",
        "version" : "4.1.0"
      }
    },
    {
      "identity" : "swift-multiplicativearithmetic",
      "kind" : "remoteSourceControl",
      "location" : "https://github.com/RougeWare/Swift-MultiplicativeArithmetic.git",
      "state" : {
        "revision" : "960ccc54d6c876983c6658d4aca637b4685e9841",
        "version" : "2.1.0"
      }
    },
    {
      "identity" : "swift-optional-tools",
      "kind" : "remoteSourceControl",
      "location" : "https://github.com/RougeWare/Swift-Optional-Tools.git",
      "state" : {
        "revision" : "b02158c4563570293cccb9dbe606f066b1b69bf2",
        "version" : "1.2.0"
      }
    },
    {
      "identity" : "swift-rectangle-tools",
      "kind" : "remoteSourceControl",
      "location" : "https://github.com/RougeWare/Swift-Rectangle-Tools",
      "state" : {
        "revision" : "146dd37c698a7c16c00e881e27ffd0f27956167c",
        "version" : "2.18.0"
      }
    },
    {
      "identity" : "swift-semver",
      "kind" : "remoteSourceControl",
      "location" : "https://github.com/RougeWare/Swift-SemVer.git",
      "state" : {
        "revision" : "087d41c30c38237179e70178ce93895cd7ff0886",
        "version" : "2.0.0"
      }
    },
    {
      "identity" : "swift-serializationtools",
      "kind" : "remoteSourceControl",
      "location" : "https://github.com/RougeWare/Swift-SerializationTools.git",
      "state" : {
        "revision" : "4d151e1513b04da2ddc9fe464352e4070f7d992f",
        "version" : "1.1.1"
      }
    },
    {
      "identity" : "swift-simple-logging",
      "kind" : "remoteSourceControl",
      "location" : "https://github.com/RougeWare/Swift-Simple-Logging",
      "state" : {
        "revision" : "b342dca99eb50fce83ff937953c82bc15397e821",
        "version" : "0.6.0-Beta.3"
      }
    },
    {
      "identity" : "swift-special-string",
      "kind" : "remoteSourceControl",
      "location" : "https://github.com/RougeWare/Swift-Special-String",
      "state" : {
        "revision" : "7a82d5b07b72aed848b028d3e8bf6d9591ec108a",
        "version" : "1.2.0"
      }
    }
  ],
  "version" : 3
}
